
Microsoft Visual Studio Solution File, Format Version 12.00
# Visual Studio 15
VisualStudioVersion = 15.0.28307.421
MinimumVisualStudioVersion = 10.0.40219.1
Project("{8BC9CEB8-8B4A-11D0-8D11-00A0C91BC942}") = "Project1", "Project1\Project1.vcxproj", "{5B154DEE-AC46-4CEF-8451-89C6173A20D2}"
EndProject
Project("{8BC9CEB8-8B4A-11D0-8D11-00A0C91BC942}") = "Project2", "Project2\Project2.vcxproj", "{54BA017E-7653-4154-BE8C-24716B80FE1D}"
EndProject
Global
	GlobalSection(SolutionConfigurationPlatforms) = preSolution
		Debug|Win32 = Debug|Win32
		Debug|x64 = Debug|x64
		Release|Win32 = Release|Win32
		Release|x64 = Release|x64
	EndGlobalSection
	GlobalSection(ProjectConfigurationPlatforms) = postSolution
		{5B154DEE-AC46-4CEF-8451-89C6173A20D2}.Debug|Win32.ActiveCfg = Debug|Win32
		{5B154DEE-AC46-4CEF-8451-89C6173A20D2}.Debug|Win32.Build.0 = Debug|Win32
		{5B154DEE-AC46-4CEF-8451-89C6173A20D2}.Debug|x64.ActiveCfg = Debug|Win32
		{5B154DEE-AC46-4CEF-8451-89C6173A20D2}.Release|Win32.ActiveCfg = Release|Win32
		{5B154DEE-AC46-4CEF-8451-89C6173A20D2}.Release|Win32.Build.0 = Release|Win32
		{5B154DEE-AC46-4CEF-8451-89C6173A20D2}.Release|x64.ActiveCfg = Release|Win32
		{54BA017E-7653-4154-BE8C-24716B80FE1D}.Debug|Win32.ActiveCfg = Debug|Win32
		{54BA017E-7653-4154-BE8C-24716B80FE1D}.Debug|Win32.Build.0 = Debug|Win32
		{54BA017E-7653-4154-BE8C-24716B80FE1D}.Debug|x64.ActiveCfg = Debug|x64
		{54BA017E-7653-4154-BE8C-24716B80FE1D}.Debug|x64.Build.0 = Debug|x64
		{54BA017E-7653-4154-BE8C-24716B80FE1D}.Release|Win32.ActiveCfg = Release|Win32
		{54BA017E-7653-4154-BE8C-24716B80FE1D}.Release|Win32.Build.0 = Release|Win32
		{54BA017E-7653-4154-BE8C-24716B80FE1D}.Release|x64.ActiveCfg = Release|x64
		{54BA017E-7653-4154-BE8C-24716B80FE1D}.Release|x64.Build.0 = Release|x64
	EndGlobalSection
	GlobalSection(SolutionProperties) = preSolution
		HideSolutionNode = FALSE
	EndGlobalSection
	GlobalSection(ExtensibilityGlobals) = postSolution
		SolutionGuid = {927496ED-EDA8-456E-BB30-6ABB1E3D4BAE}
	EndGlobalSection
EndGlobal
